// !$*UTF8*$!
{
	archiveVersion = 1;
	classes = {
	};
	objectVersion = 55;
	objects = {

/* Begin PBXBuildFile section */
		68F97329A89353A130E8500E /* Pods_wanted_pre_onboarding.framework in Frameworks */ = {isa = PBXBuildFile; fileRef = 0B4C5E740E2848FA7A812D9A /* Pods_wanted_pre_onboarding.framework */; };
		AB166B5DEDF78B7265ED6995 /* Pods_wanted_pre_onboardingTests.framework in Frameworks */ = {isa = PBXBuildFile; fileRef = 376F59F4F26F27D1BCB0F161 /* Pods_wanted_pre_onboardingTests.framework */; };
		D6B4B09EF070B33204F1F365 /* Pods_wanted_pre_onboarding_wanted_pre_onboardingUITests.framework in Frameworks */ = {isa = PBXBuildFile; fileRef = 0FD16A82AEC36D8A2542F667 /* Pods_wanted_pre_onboarding_wanted_pre_onboardingUITests.framework */; };
		E11604912854701100977EF5 /* AppDelegate.swift in Sources */ = {isa = PBXBuildFile; fileRef = E11604902854701100977EF5 /* AppDelegate.swift */; };
		E11604932854701100977EF5 /* SceneDelegate.swift in Sources */ = {isa = PBXBuildFile; fileRef = E11604922854701100977EF5 /* SceneDelegate.swift */; };
		E11604952854701100977EF5 /* WeatherViewController.swift in Sources */ = {isa = PBXBuildFile; fileRef = E11604942854701100977EF5 /* WeatherViewController.swift */; };
		E116049A2854701400977EF5 /* Assets.xcassets in Resources */ = {isa = PBXBuildFile; fileRef = E11604992854701400977EF5 /* Assets.xcassets */; };
		E116049D2854701400977EF5 /* LaunchScreen.storyboard in Resources */ = {isa = PBXBuildFile; fileRef = E116049B2854701400977EF5 /* LaunchScreen.storyboard */; };
		E11604A82854701500977EF5 /* wanted_pre_onboardingTests.swift in Sources */ = {isa = PBXBuildFile; fileRef = E11604A72854701500977EF5 /* wanted_pre_onboardingTests.swift */; };
		E11604B22854701500977EF5 /* wanted_pre_onboardingUITests.swift in Sources */ = {isa = PBXBuildFile; fileRef = E11604B12854701500977EF5 /* wanted_pre_onboardingUITests.swift */; };
		E11604B42854701500977EF5 /* wanted_pre_onboardingUITestsLaunchTests.swift in Sources */ = {isa = PBXBuildFile; fileRef = E11604B32854701500977EF5 /* wanted_pre_onboardingUITestsLaunchTests.swift */; };
		E11604C12854825E00977EF5 /* WeatherCollectionViewCell.swift in Sources */ = {isa = PBXBuildFile; fileRef = E11604C02854825E00977EF5 /* WeatherCollectionViewCell.swift */; };
		E116CA4E2A05FB2B0071FE22 /* API.swift in Sources */ = {isa = PBXBuildFile; fileRef = E116CA4D2A05FB2B0071FE22 /* API.swift */; };
		E12FE1D82856E07F0046659E /* WeatherDetailViewController.swift in Sources */ = {isa = PBXBuildFile; fileRef = E12FE1D72856E07F0046659E /* WeatherDetailViewController.swift */; };
		E1334A8E28580FB500845413 /* UIImageViewEx.swift in Sources */ = {isa = PBXBuildFile; fileRef = E1334A8D28580FB500845413 /* UIImageViewEx.swift */; };
		E1334A90285825F800845413 /* CALayerEx.swift in Sources */ = {isa = PBXBuildFile; fileRef = E1334A8F285825F800845413 /* CALayerEx.swift */; };
		E1334A922858DE8A00845413 /* SpinnerViewController.swift in Sources */ = {isa = PBXBuildFile; fileRef = E1334A912858DE8A00845413 /* SpinnerViewController.swift */; };
		E1D06B24285AD18E00C18393 /* ImageCacheManager.swift in Sources */ = {isa = PBXBuildFile; fileRef = E1D06B23285AD18E00C18393 /* ImageCacheManager.swift */; };
		E1F3A2B62854D59E0029A23D /* WeatherInformation.swift in Sources */ = {isa = PBXBuildFile; fileRef = E1F3A2B52854D59E0029A23D /* WeatherInformation.swift */; };
		E1F3A2BA2854D7B10029A23D /* NetworkManager.swift in Sources */ = {isa = PBXBuildFile; fileRef = E1F3A2B92854D7B10029A23D /* NetworkManager.swift */; };
		E1F3A2BD2854D8660029A23D /* Constants.swift in Sources */ = {isa = PBXBuildFile; fileRef = E1F3A2BC2854D8660029A23D /* Constants.swift */; };
/* End PBXBuildFile section */

/* Begin PBXContainerItemProxy section */
		E11604A42854701500977EF5 /* PBXContainerItemProxy */ = {
			isa = PBXContainerItemProxy;
			containerPortal = E11604852854701100977EF5 /* Project object */;
			proxyType = 1;
			remoteGlobalIDString = E116048C2854701100977EF5;
			remoteInfo = wanted_pre_onboarding;
		};
		E11604AE2854701500977EF5 /* PBXContainerItemProxy */ = {
			isa = PBXContainerItemProxy;
			containerPortal = E11604852854701100977EF5 /* Project object */;
			proxyType = 1;
			remoteGlobalIDString = E116048C2854701100977EF5;
			remoteInfo = wanted_pre_onboarding;
		};
/* End PBXContainerItemProxy section */

/* Begin PBXFileReference section */
		0B4C5E740E2848FA7A812D9A /* Pods_wanted_pre_onboarding.framework */ = {isa = PBXFileReference; explicitFileType = wrapper.framework; includeInIndex = 0; path = Pods_wanted_pre_onboarding.framework; sourceTree = BUILT_PRODUCTS_DIR; };
		0FD16A82AEC36D8A2542F667 /* Pods_wanted_pre_onboarding_wanted_pre_onboardingUITests.framework */ = {isa = PBXFileReference; explicitFileType = wrapper.framework; includeInIndex = 0; path = Pods_wanted_pre_onboarding_wanted_pre_onboardingUITests.framework; sourceTree = BUILT_PRODUCTS_DIR; };
		376F59F4F26F27D1BCB0F161 /* Pods_wanted_pre_onboardingTests.framework */ = {isa = PBXFileReference; explicitFileType = wrapper.framework; includeInIndex = 0; path = Pods_wanted_pre_onboardingTests.framework; sourceTree = BUILT_PRODUCTS_DIR; };
		3E5C1AABB5518BE0A75CCF79 /* Pods-wanted_pre_onboardingTests.release.xcconfig */ = {isa = PBXFileReference; includeInIndex = 1; lastKnownFileType = text.xcconfig; name = "Pods-wanted_pre_onboardingTests.release.xcconfig"; path = "Target Support Files/Pods-wanted_pre_onboardingTests/Pods-wanted_pre_onboardingTests.release.xcconfig"; sourceTree = "<group>"; };
		5332470FDBDF5994F8A1E361 /* Pods-wanted_pre_onboarding.debug.xcconfig */ = {isa = PBXFileReference; includeInIndex = 1; lastKnownFileType = text.xcconfig; name = "Pods-wanted_pre_onboarding.debug.xcconfig"; path = "Target Support Files/Pods-wanted_pre_onboarding/Pods-wanted_pre_onboarding.debug.xcconfig"; sourceTree = "<group>"; };
		6909EA43DC687A9BEC9B0FFF /* Pods-wanted_pre_onboarding-wanted_pre_onboardingUITests.release.xcconfig */ = {isa = PBXFileReference; includeInIndex = 1; lastKnownFileType = text.xcconfig; name = "Pods-wanted_pre_onboarding-wanted_pre_onboardingUITests.release.xcconfig"; path = "Target Support Files/Pods-wanted_pre_onboarding-wanted_pre_onboardingUITests/Pods-wanted_pre_onboarding-wanted_pre_onboardingUITests.release.xcconfig"; sourceTree = "<group>"; };
		6F3601B09D0321F74CBBADD3 /* Pods-wanted_pre_onboarding-wanted_pre_onboardingUITests.debug.xcconfig */ = {isa = PBXFileReference; includeInIndex = 1; lastKnownFileType = text.xcconfig; name = "Pods-wanted_pre_onboarding-wanted_pre_onboardingUITests.debug.xcconfig"; path = "Target Support Files/Pods-wanted_pre_onboarding-wanted_pre_onboardingUITests/Pods-wanted_pre_onboarding-wanted_pre_onboardingUITests.debug.xcconfig"; sourceTree = "<group>"; };
		7C51E13F234E3816F5B1866B /* Pods-wanted_pre_onboarding.release.xcconfig */ = {isa = PBXFileReference; includeInIndex = 1; lastKnownFileType = text.xcconfig; name = "Pods-wanted_pre_onboarding.release.xcconfig"; path = "Target Support Files/Pods-wanted_pre_onboarding/Pods-wanted_pre_onboarding.release.xcconfig"; sourceTree = "<group>"; };
		DFBC0DC8AAD3099A16C5D6FA /* Pods-wanted_pre_onboardingTests.debug.xcconfig */ = {isa = PBXFileReference; includeInIndex = 1; lastKnownFileType = text.xcconfig; name = "Pods-wanted_pre_onboardingTests.debug.xcconfig"; path = "Target Support Files/Pods-wanted_pre_onboardingTests/Pods-wanted_pre_onboardingTests.debug.xcconfig"; sourceTree = "<group>"; };
		E116048D2854701100977EF5 /* wanted_pre_onboarding.app */ = {isa = PBXFileReference; explicitFileType = wrapper.application; includeInIndex = 0; path = wanted_pre_onboarding.app; sourceTree = BUILT_PRODUCTS_DIR; };
		E11604902854701100977EF5 /* AppDelegate.swift */ = {isa = PBXFileReference; lastKnownFileType = sourcecode.swift; path = AppDelegate.swift; sourceTree = "<group>"; };
		E11604922854701100977EF5 /* SceneDelegate.swift */ = {isa = PBXFileReference; lastKnownFileType = sourcecode.swift; path = SceneDelegate.swift; sourceTree = "<group>"; };
		E11604942854701100977EF5 /* WeatherViewController.swift */ = {isa = PBXFileReference; lastKnownFileType = sourcecode.swift; path = WeatherViewController.swift; sourceTree = "<group>"; };
		E11604992854701400977EF5 /* Assets.xcassets */ = {isa = PBXFileReference; lastKnownFileType = folder.assetcatalog; path = Assets.xcassets; sourceTree = "<group>"; };
		E116049C2854701400977EF5 /* Base */ = {isa = PBXFileReference; lastKnownFileType = file.storyboard; name = Base; path = Base.lproj/LaunchScreen.storyboard; sourceTree = "<group>"; };
		E116049E2854701400977EF5 /* Info.plist */ = {isa = PBXFileReference; lastKnownFileType = text.plist.xml; path = Info.plist; sourceTree = "<group>"; };
		E11604A32854701500977EF5 /* wanted_pre_onboardingTests.xctest */ = {isa = PBXFileReference; explicitFileType = wrapper.cfbundle; includeInIndex = 0; path = wanted_pre_onboardingTests.xctest; sourceTree = BUILT_PRODUCTS_DIR; };
		E11604A72854701500977EF5 /* wanted_pre_onboardingTests.swift */ = {isa = PBXFileReference; lastKnownFileType = sourcecode.swift; path = wanted_pre_onboardingTests.swift; sourceTree = "<group>"; };
		E11604AD2854701500977EF5 /* wanted_pre_onboardingUITests.xctest */ = {isa = PBXFileReference; explicitFileType = wrapper.cfbundle; includeInIndex = 0; path = wanted_pre_onboardingUITests.xctest; sourceTree = BUILT_PRODUCTS_DIR; };
		E11604B12854701500977EF5 /* wanted_pre_onboardingUITests.swift */ = {isa = PBXFileReference; lastKnownFileType = sourcecode.swift; path = wanted_pre_onboardingUITests.swift; sourceTree = "<group>"; };
		E11604B32854701500977EF5 /* wanted_pre_onboardingUITestsLaunchTests.swift */ = {isa = PBXFileReference; lastKnownFileType = sourcecode.swift; path = wanted_pre_onboardingUITestsLaunchTests.swift; sourceTree = "<group>"; };
		E11604C02854825E00977EF5 /* WeatherCollectionViewCell.swift */ = {isa = PBXFileReference; lastKnownFileType = sourcecode.swift; path = WeatherCollectionViewCell.swift; sourceTree = "<group>"; };
		E116CA4D2A05FB2B0071FE22 /* API.swift */ = {isa = PBXFileReference; lastKnownFileType = sourcecode.swift; path = API.swift; sourceTree = "<group>"; };
		E12FE1D72856E07F0046659E /* WeatherDetailViewController.swift */ = {isa = PBXFileReference; lastKnownFileType = sourcecode.swift; path = WeatherDetailViewController.swift; sourceTree = "<group>"; };
		E1334A8D28580FB500845413 /* UIImageViewEx.swift */ = {isa = PBXFileReference; lastKnownFileType = sourcecode.swift; path = UIImageViewEx.swift; sourceTree = "<group>"; };
		E1334A8F285825F800845413 /* CALayerEx.swift */ = {isa = PBXFileReference; lastKnownFileType = sourcecode.swift; path = CALayerEx.swift; sourceTree = "<group>"; };
		E1334A912858DE8A00845413 /* SpinnerViewController.swift */ = {isa = PBXFileReference; lastKnownFileType = sourcecode.swift; path = SpinnerViewController.swift; sourceTree = "<group>"; };
		E1D06B23285AD18E00C18393 /* ImageCacheManager.swift */ = {isa = PBXFileReference; lastKnownFileType = sourcecode.swift; path = ImageCacheManager.swift; sourceTree = "<group>"; };
		E1F3A2B52854D59E0029A23D /* WeatherInformation.swift */ = {isa = PBXFileReference; lastKnownFileType = sourcecode.swift; path = WeatherInformation.swift; sourceTree = "<group>"; };
		E1F3A2B92854D7B10029A23D /* NetworkManager.swift */ = {isa = PBXFileReference; lastKnownFileType = sourcecode.swift; path = NetworkManager.swift; sourceTree = "<group>"; };
		E1F3A2BC2854D8660029A23D /* Constants.swift */ = {isa = PBXFileReference; lastKnownFileType = sourcecode.swift; path = Constants.swift; sourceTree = "<group>"; };
/* End PBXFileReference section */

/* Begin PBXFrameworksBuildPhase section */
		E116048A2854701100977EF5 /* Frameworks */ = {
			isa = PBXFrameworksBuildPhase;
			buildActionMask = 2147483647;
			files = (
				68F97329A89353A130E8500E /* Pods_wanted_pre_onboarding.framework in Frameworks */,
			);
			runOnlyForDeploymentPostprocessing = 0;
		};
		E11604A02854701500977EF5 /* Frameworks */ = {
			isa = PBXFrameworksBuildPhase;
			buildActionMask = 2147483647;
			files = (
				AB166B5DEDF78B7265ED6995 /* Pods_wanted_pre_onboardingTests.framework in Frameworks */,
			);
			runOnlyForDeploymentPostprocessing = 0;
		};
		E11604AA2854701500977EF5 /* Frameworks */ = {
			isa = PBXFrameworksBuildPhase;
			buildActionMask = 2147483647;
			files = (
				D6B4B09EF070B33204F1F365 /* Pods_wanted_pre_onboarding_wanted_pre_onboardingUITests.framework in Frameworks */,
			);
			runOnlyForDeploymentPostprocessing = 0;
		};
/* End PBXFrameworksBuildPhase section */

/* Begin PBXGroup section */
		BC585848DDF0726929A0C1EE /* Frameworks */ = {
			isa = PBXGroup;
			children = (
				0B4C5E740E2848FA7A812D9A /* Pods_wanted_pre_onboarding.framework */,
				0FD16A82AEC36D8A2542F667 /* Pods_wanted_pre_onboarding_wanted_pre_onboardingUITests.framework */,
				376F59F4F26F27D1BCB0F161 /* Pods_wanted_pre_onboardingTests.framework */,
			);
			name = Frameworks;
			sourceTree = "<group>";
		};
		DC890E47635BAF87DFCC830C /* Pods */ = {
			isa = PBXGroup;
			children = (
				5332470FDBDF5994F8A1E361 /* Pods-wanted_pre_onboarding.debug.xcconfig */,
				7C51E13F234E3816F5B1866B /* Pods-wanted_pre_onboarding.release.xcconfig */,
				6F3601B09D0321F74CBBADD3 /* Pods-wanted_pre_onboarding-wanted_pre_onboardingUITests.debug.xcconfig */,
				6909EA43DC687A9BEC9B0FFF /* Pods-wanted_pre_onboarding-wanted_pre_onboardingUITests.release.xcconfig */,
				DFBC0DC8AAD3099A16C5D6FA /* Pods-wanted_pre_onboardingTests.debug.xcconfig */,
				3E5C1AABB5518BE0A75CCF79 /* Pods-wanted_pre_onboardingTests.release.xcconfig */,
			);
			path = Pods;
			sourceTree = "<group>";
		};
		E11604842854701100977EF5 = {
			isa = PBXGroup;
			children = (
				E116048F2854701100977EF5 /* wanted_pre_onboarding */,
				E11604B02854701500977EF5 /* wanted_pre_onboardingUITests */,
				E11604A62854701500977EF5 /* wanted_pre_onboardingTests */,
				E116048E2854701100977EF5 /* Products */,
				DC890E47635BAF87DFCC830C /* Pods */,
				BC585848DDF0726929A0C1EE /* Frameworks */,
			);
			sourceTree = "<group>";
		};
		E116048E2854701100977EF5 /* Products */ = {
			isa = PBXGroup;
			children = (
				E116048D2854701100977EF5 /* wanted_pre_onboarding.app */,
				E11604A32854701500977EF5 /* wanted_pre_onboardingTests.xctest */,
				E11604AD2854701500977EF5 /* wanted_pre_onboardingUITests.xctest */,
			);
			name = Products;
			sourceTree = "<group>";
		};
		E116048F2854701100977EF5 /* wanted_pre_onboarding */ = {
			isa = PBXGroup;
			children = (
				E116CA4B2A05FB190071FE22 /* DataSource */,
				E116CA4A2A05F9140071FE22 /* Application */,
				E1334A8C28580F9E00845413 /* Extension */,
				E1F3A2BB2854D85A0029A23D /* Constants */,
				E1F3A2B82854D78D0029A23D /* Manager */,
				E1F3A2B72854D5DB0029A23D /* ViewController */,
				E1F3A2B42854D54D0029A23D /* Model */,
				E11604992854701400977EF5 /* Assets.xcassets */,
				E116049B2854701400977EF5 /* LaunchScreen.storyboard */,
				E116049E2854701400977EF5 /* Info.plist */,
			);
			path = wanted_pre_onboarding;
			sourceTree = "<group>";
		};
		E11604A62854701500977EF5 /* wanted_pre_onboardingTests */ = {
			isa = PBXGroup;
			children = (
				E11604A72854701500977EF5 /* wanted_pre_onboardingTests.swift */,
			);
			path = wanted_pre_onboardingTests;
			sourceTree = "<group>";
		};
		E11604B02854701500977EF5 /* wanted_pre_onboardingUITests */ = {
			isa = PBXGroup;
			children = (
				E11604B12854701500977EF5 /* wanted_pre_onboardingUITests.swift */,
				E11604B32854701500977EF5 /* wanted_pre_onboardingUITestsLaunchTests.swift */,
			);
			path = wanted_pre_onboardingUITests;
			sourceTree = "<group>";
		};
		E116CA4A2A05F9140071FE22 /* Application */ = {
			isa = PBXGroup;
			children = (
				E11604902854701100977EF5 /* AppDelegate.swift */,
				E11604922854701100977EF5 /* SceneDelegate.swift */,
			);
			path = Application;
			sourceTree = "<group>";
		};
		E116CA4B2A05FB190071FE22 /* DataSource */ = {
			isa = PBXGroup;
			children = (
				E116CA4C2A05FB230071FE22 /* remote */,
			);
			path = DataSource;
			sourceTree = "<group>";
		};
		E116CA4C2A05FB230071FE22 /* remote */ = {
			isa = PBXGroup;
			children = (
				E116CA4D2A05FB2B0071FE22 /* API.swift */,
			);
			path = remote;
			sourceTree = "<group>";
		};
		E12FE1D52856E0390046659E /* WeatherList */ = {
			isa = PBXGroup;
			children = (
				E11604C02854825E00977EF5 /* WeatherCollectionViewCell.swift */,
				E11604942854701100977EF5 /* WeatherViewController.swift */,
			);
			path = WeatherList;
			sourceTree = "<group>";
		};
		E12FE1D62856E0520046659E /* WeatherDetail */ = {
			isa = PBXGroup;
			children = (
				E12FE1D72856E07F0046659E /* WeatherDetailViewController.swift */,
			);
			path = WeatherDetail;
			sourceTree = "<group>";
		};
		E1334A8C28580F9E00845413 /* Extension */ = {
			isa = PBXGroup;
			children = (
				E1334A8D28580FB500845413 /* UIImageViewEx.swift */,
				E1334A8F285825F800845413 /* CALayerEx.swift */,
			);
			path = Extension;
			sourceTree = "<group>";
		};
		E1F3A2B42854D54D0029A23D /* Model */ = {
			isa = PBXGroup;
			children = (
				E1F3A2B52854D59E0029A23D /* WeatherInformation.swift */,
			);
			path = Model;
			sourceTree = "<group>";
		};
		E1F3A2B72854D5DB0029A23D /* ViewController */ = {
			isa = PBXGroup;
			children = (
				E12FE1D62856E0520046659E /* WeatherDetail */,
				E12FE1D52856E0390046659E /* WeatherList */,
				E1334A912858DE8A00845413 /* SpinnerViewController.swift */,
			);
			path = ViewController;
			sourceTree = "<group>";
		};
		E1F3A2B82854D78D0029A23D /* Manager */ = {
			isa = PBXGroup;
			children = (
				E1F3A2B92854D7B10029A23D /* NetworkManager.swift */,
				E1D06B23285AD18E00C18393 /* ImageCacheManager.swift */,
			);
			path = Manager;
			sourceTree = "<group>";
		};
		E1F3A2BB2854D85A0029A23D /* Constants */ = {
			isa = PBXGroup;
			children = (
				E1F3A2BC2854D8660029A23D /* Constants.swift */,
			);
			path = Constants;
			sourceTree = "<group>";
		};
/* End PBXGroup section */

/* Begin PBXNativeTarget section */
		E116048C2854701100977EF5 /* wanted_pre_onboarding */ = {
			isa = PBXNativeTarget;
			buildConfigurationList = E11604B72854701500977EF5 /* Build configuration list for PBXNativeTarget "wanted_pre_onboarding" */;
			buildPhases = (
				349A8BF4B377E146E971A738 /* [CP] Check Pods Manifest.lock */,
				E11604892854701100977EF5 /* Sources */,
				E116048A2854701100977EF5 /* Frameworks */,
				E116048B2854701100977EF5 /* Resources */,
			);
			buildRules = (
			);
			dependencies = (
			);
			name = wanted_pre_onboarding;
			productName = wanted_pre_onboarding;
			productReference = E116048D2854701100977EF5 /* wanted_pre_onboarding.app */;
			productType = "com.apple.product-type.application";
		};
		E11604A22854701500977EF5 /* wanted_pre_onboardingTests */ = {
			isa = PBXNativeTarget;
			buildConfigurationList = E11604BA2854701500977EF5 /* Build configuration list for PBXNativeTarget "wanted_pre_onboardingTests" */;
			buildPhases = (
				8ED42F34D961647DCEFBA0BD /* [CP] Check Pods Manifest.lock */,
				E116049F2854701500977EF5 /* Sources */,
				E11604A02854701500977EF5 /* Frameworks */,
				E11604A12854701500977EF5 /* Resources */,
				8286C4B05132078428162962 /* [CP] Embed Pods Frameworks */,
			);
			buildRules = (
			);
			dependencies = (
				E11604A52854701500977EF5 /* PBXTargetDependency */,
			);
			name = wanted_pre_onboardingTests;
			productName = wanted_pre_onboardingTests;
			productReference = E11604A32854701500977EF5 /* wanted_pre_onboardingTests.xctest */;
			productType = "com.apple.product-type.bundle.unit-test";
		};
		E11604AC2854701500977EF5 /* wanted_pre_onboardingUITests */ = {
			isa = PBXNativeTarget;
			buildConfigurationList = E11604BD2854701500977EF5 /* Build configuration list for PBXNativeTarget "wanted_pre_onboardingUITests" */;
			buildPhases = (
				608FE70534D872C6B3E8F092 /* [CP] Check Pods Manifest.lock */,
				E11604A92854701500977EF5 /* Sources */,
				E11604AA2854701500977EF5 /* Frameworks */,
				E11604AB2854701500977EF5 /* Resources */,
			);
			buildRules = (
			);
			dependencies = (
				E11604AF2854701500977EF5 /* PBXTargetDependency */,
			);
			name = wanted_pre_onboardingUITests;
			productName = wanted_pre_onboardingUITests;
			productReference = E11604AD2854701500977EF5 /* wanted_pre_onboardingUITests.xctest */;
			productType = "com.apple.product-type.bundle.ui-testing";
		};
/* End PBXNativeTarget section */

/* Begin PBXProject section */
		E11604852854701100977EF5 /* Project object */ = {
			isa = PBXProject;
			attributes = {
				BuildIndependentTargetsInParallel = 1;
				LastSwiftUpdateCheck = 1340;
				LastUpgradeCheck = 1340;
				TargetAttributes = {
					E116048C2854701100977EF5 = {
						CreatedOnToolsVersion = 13.4;
					};
					E11604A22854701500977EF5 = {
						CreatedOnToolsVersion = 13.4;
						TestTargetID = E116048C2854701100977EF5;
					};
					E11604AC2854701500977EF5 = {
						CreatedOnToolsVersion = 13.4;
						TestTargetID = E116048C2854701100977EF5;
					};
				};
			};
			buildConfigurationList = E11604882854701100977EF5 /* Build configuration list for PBXProject "wanted_pre_onboarding" */;
			compatibilityVersion = "Xcode 13.0";
			developmentRegion = en;
			hasScannedForEncodings = 0;
			knownRegions = (
				en,
				Base,
			);
			mainGroup = E11604842854701100977EF5;
			productRefGroup = E116048E2854701100977EF5 /* Products */;
			projectDirPath = "";
			projectRoot = "";
			targets = (
				E116048C2854701100977EF5 /* wanted_pre_onboarding */,
				E11604A22854701500977EF5 /* wanted_pre_onboardingTests */,
				E11604AC2854701500977EF5 /* wanted_pre_onboardingUITests */,
			);
		};
/* End PBXProject section */

/* Begin PBXResourcesBuildPhase section */
		E116048B2854701100977EF5 /* Resources */ = {
			isa = PBXResourcesBuildPhase;
			buildActionMask = 2147483647;
			files = (
				E116049D2854701400977EF5 /* LaunchScreen.storyboard in Resources */,
				E116049A2854701400977EF5 /* Assets.xcassets in Resources */,
			);
			runOnlyForDeploymentPostprocessing = 0;
		};
		E11604A12854701500977EF5 /* Resources */ = {
			isa = PBXResourcesBuildPhase;
			buildActionMask = 2147483647;
			files = (
			);
			runOnlyForDeploymentPostprocessing = 0;
		};
		E11604AB2854701500977EF5 /* Resources */ = {
			isa = PBXResourcesBuildPhase;
			buildActionMask = 2147483647;
			files = (
			);
			runOnlyForDeploymentPostprocessing = 0;
		};
/* End PBXResourcesBuildPhase section */

/* Begin PBXShellScriptBuildPhase section */
		349A8BF4B377E146E971A738 /* [CP] Check Pods Manifest.lock */ = {
			isa = PBXShellScriptBuildPhase;
			buildActionMask = 2147483647;
			files = (
			);
			inputFileListPaths = (
			);
			inputPaths = (
				"${PODS_PODFILE_DIR_PATH}/Podfile.lock",
				"${PODS_ROOT}/Manifest.lock",
			);
			name = "[CP] Check Pods Manifest.lock";
			outputFileListPaths = (
			);
			outputPaths = (
				"$(DERIVED_FILE_DIR)/Pods-wanted_pre_onboarding-checkManifestLockResult.txt",
			);
			runOnlyForDeploymentPostprocessing = 0;
			shellPath = /bin/sh;
			shellScript = "diff \"${PODS_PODFILE_DIR_PATH}/Podfile.lock\" \"${PODS_ROOT}/Manifest.lock\" > /dev/null\nif [ $? != 0 ] ; then\n    # print error to STDERR\n    echo \"error: The sandbox is not in sync with the Podfile.lock. Run 'pod install' or update your CocoaPods installation.\" >&2\n    exit 1\nfi\n# This output is used by Xcode 'outputs' to avoid re-running this script phase.\necho \"SUCCESS\" > \"${SCRIPT_OUTPUT_FILE_0}\"\n";
			showEnvVarsInLog = 0;
		};
		608FE70534D872C6B3E8F092 /* [CP] Check Pods Manifest.lock */ = {
			isa = PBXShellScriptBuildPhase;
			buildActionMask = 2147483647;
			files = (
			);
			inputFileListPaths = (
			);
			inputPaths = (
				"${PODS_PODFILE_DIR_PATH}/Podfile.lock",
				"${PODS_ROOT}/Manifest.lock",
			);
			name = "[CP] Check Pods Manifest.lock";
			outputFileListPaths = (
			);
			outputPaths = (
				"$(DERIVED_FILE_DIR)/Pods-wanted_pre_onboarding-wanted_pre_onboardingUITests-checkManifestLockResult.txt",
			);
			runOnlyForDeploymentPostprocessing = 0;
			shellPath = /bin/sh;
			shellScript = "diff \"${PODS_PODFILE_DIR_PATH}/Podfile.lock\" \"${PODS_ROOT}/Manifest.lock\" > /dev/null\nif [ $? != 0 ] ; then\n    # print error to STDERR\n    echo \"error: The sandbox is not in sync with the Podfile.lock. Run 'pod install' or update your CocoaPods installation.\" >&2\n    exit 1\nfi\n# This output is used by Xcode 'outputs' to avoid re-running this script phase.\necho \"SUCCESS\" > \"${SCRIPT_OUTPUT_FILE_0}\"\n";
			showEnvVarsInLog = 0;
		};
		8286C4B05132078428162962 /* [CP] Embed Pods Frameworks */ = {
			isa = PBXShellScriptBuildPhase;
			buildActionMask = 2147483647;
			files = (
			);
			inputFileListPaths = (
				"${PODS_ROOT}/Target Support Files/Pods-wanted_pre_onboardingTests/Pods-wanted_pre_onboardingTests-frameworks-${CONFIGURATION}-input-files.xcfilelist",
			);
			name = "[CP] Embed Pods Frameworks";
			outputFileListPaths = (
				"${PODS_ROOT}/Target Support Files/Pods-wanted_pre_onboardingTests/Pods-wanted_pre_onboardingTests-frameworks-${CONFIGURATION}-output-files.xcfilelist",
			);
			runOnlyForDeploymentPostprocessing = 0;
			shellPath = /bin/sh;
			shellScript = "\"${PODS_ROOT}/Target Support Files/Pods-wanted_pre_onboardingTests/Pods-wanted_pre_onboardingTests-frameworks.sh\"\n";
			showEnvVarsInLog = 0;
		};
		8ED42F34D961647DCEFBA0BD /* [CP] Check Pods Manifest.lock */ = {
			isa = PBXShellScriptBuildPhase;
			buildActionMask = 2147483647;
			files = (
			);
			inputFileListPaths = (
			);
			inputPaths = (
				"${PODS_PODFILE_DIR_PATH}/Podfile.lock",
				"${PODS_ROOT}/Manifest.lock",
			);
			name = "[CP] Check Pods Manifest.lock";
			outputFileListPaths = (
			);
			outputPaths = (
				"$(DERIVED_FILE_DIR)/Pods-wanted_pre_onboardingTests-checkManifestLockResult.txt",
			);
			runOnlyForDeploymentPostprocessing = 0;
			shellPath = /bin/sh;
			shellScript = "diff \"${PODS_PODFILE_DIR_PATH}/Podfile.lock\" \"${PODS_ROOT}/Manifest.lock\" > /dev/null\nif [ $? != 0 ] ; then\n    # print error to STDERR\n    echo \"error: The sandbox is not in sync with the Podfile.lock. Run 'pod install' or update your CocoaPods installation.\" >&2\n    exit 1\nfi\n# This output is used by Xcode 'outputs' to avoid re-running this script phase.\necho \"SUCCESS\" > \"${SCRIPT_OUTPUT_FILE_0}\"\n";
			showEnvVarsInLog = 0;
		};
/* End PBXShellScriptBuildPhase section */

/* Begin PBXSourcesBuildPhase section */
		E11604892854701100977EF5 /* Sources */ = {
			isa = PBXSourcesBuildPhase;
			buildActionMask = 2147483647;
			files = (
				E1334A922858DE8A00845413 /* SpinnerViewController.swift in Sources */,
				E1F3A2B62854D59E0029A23D /* WeatherInformation.swift in Sources */,
				E11604952854701100977EF5 /* WeatherViewController.swift in Sources */,
				E1334A8E28580FB500845413 /* UIImageViewEx.swift in Sources */,
				E1334A90285825F800845413 /* CALayerEx.swift in Sources */,
				E12FE1D82856E07F0046659E /* WeatherDetailViewController.swift in Sources */,
				E1F3A2BA2854D7B10029A23D /* NetworkManager.swift in Sources */,
				E11604C12854825E00977EF5 /* WeatherCollectionViewCell.swift in Sources */,
				E116CA4E2A05FB2B0071FE22 /* API.swift in Sources */,
				E1D06B24285AD18E00C18393 /* ImageCacheManager.swift in Sources */,
				E1F3A2BD2854D8660029A23D /* Constants.swift in Sources */,
				E11604912854701100977EF5 /* AppDelegate.swift in Sources */,
				E11604932854701100977EF5 /* SceneDelegate.swift in Sources */,
			);
			runOnlyForDeploymentPostprocessing = 0;
		};
		E116049F2854701500977EF5 /* Sources */ = {
			isa = PBXSourcesBuildPhase;
			buildActionMask = 2147483647;
			files = (
				E11604A82854701500977EF5 /* wanted_pre_onboardingTests.swift in Sources */,
			);
			runOnlyForDeploymentPostprocessing = 0;
		};
		E11604A92854701500977EF5 /* Sources */ = {
			isa = PBXSourcesBuildPhase;
			buildActionMask = 2147483647;
			files = (
				E11604B42854701500977EF5 /* wanted_pre_onboardingUITestsLaunchTests.swift in Sources */,
				E11604B22854701500977EF5 /* wanted_pre_onboardingUITests.swift in Sources */,
			);
			runOnlyForDeploymentPostprocessing = 0;
		};
/* End PBXSourcesBuildPhase section */

/* Begin PBXTargetDependency section */
		E11604A52854701500977EF5 /* PBXTargetDependency */ = {
			isa = PBXTargetDependency;
			target = E116048C2854701100977EF5 /* wanted_pre_onboarding */;
			targetProxy = E11604A42854701500977EF5 /* PBXContainerItemProxy */;
		};
		E11604AF2854701500977EF5 /* PBXTargetDependency */ = {
			isa = PBXTargetDependency;
			target = E116048C2854701100977EF5 /* wanted_pre_onboarding */;
			targetProxy = E11604AE2854701500977EF5 /* PBXContainerItemProxy */;
		};
/* End PBXTargetDependency section */

/* Begin PBXVariantGroup section */
		E116049B2854701400977EF5 /* LaunchScreen.storyboard */ = {
			isa = PBXVariantGroup;
			children = (
				E116049C2854701400977EF5 /* Base */,
			);
			name = LaunchScreen.storyboard;
			sourceTree = "<group>";
		};
/* End PBXVariantGroup section */

/* Begin XCBuildConfiguration section */
		E11604B52854701500977EF5 /* Debug */ = {
			isa = XCBuildConfiguration;
			buildSettings = {
				ALWAYS_SEARCH_USER_PATHS = NO;
				CLANG_ANALYZER_NONNULL = YES;
				CLANG_ANALYZER_NUMBER_OBJECT_CONVERSION = YES_AGGRESSIVE;
				CLANG_CXX_LANGUAGE_STANDARD = "gnu++17";
				CLANG_ENABLE_MODULES = YES;
				CLANG_ENABLE_OBJC_ARC = YES;
				CLANG_ENABLE_OBJC_WEAK = YES;
				CLANG_WARN_BLOCK_CAPTURE_AUTORELEASING = YES;
				CLANG_WARN_BOOL_CONVERSION = YES;
				CLANG_WARN_COMMA = YES;
				CLANG_WARN_CONSTANT_CONVERSION = YES;
				CLANG_WARN_DEPRECATED_OBJC_IMPLEMENTATIONS = YES;
				CLANG_WARN_DIRECT_OBJC_ISA_USAGE = YES_ERROR;
				CLANG_WARN_DOCUMENTATION_COMMENTS = YES;
				CLANG_WARN_EMPTY_BODY = YES;
				CLANG_WARN_ENUM_CONVERSION = YES;
				CLANG_WARN_INFINITE_RECURSION = YES;
				CLANG_WARN_INT_CONVERSION = YES;
				CLANG_WARN_NON_LITERAL_NULL_CONVERSION = YES;
				CLANG_WARN_OBJC_IMPLICIT_RETAIN_SELF = YES;
				CLANG_WARN_OBJC_LITERAL_CONVERSION = YES;
				CLANG_WARN_OBJC_ROOT_CLASS = YES_ERROR;
				CLANG_WARN_QUOTED_INCLUDE_IN_FRAMEWORK_HEADER = YES;
				CLANG_WARN_RANGE_LOOP_ANALYSIS = YES;
				CLANG_WARN_STRICT_PROTOTYPES = YES;
				CLANG_WARN_SUSPICIOUS_MOVE = YES;
				CLANG_WARN_UNGUARDED_AVAILABILITY = YES_AGGRESSIVE;
				CLANG_WARN_UNREACHABLE_CODE = YES;
				CLANG_WARN__DUPLICATE_METHOD_MATCH = YES;
				COPY_PHASE_STRIP = NO;
				DEBUG_INFORMATION_FORMAT = dwarf;
				ENABLE_STRICT_OBJC_MSGSEND = YES;
				ENABLE_TESTABILITY = YES;
				GCC_C_LANGUAGE_STANDARD = gnu11;
				GCC_DYNAMIC_NO_PIC = NO;
				GCC_NO_COMMON_BLOCKS = YES;
				GCC_OPTIMIZATION_LEVEL = 0;
				GCC_PREPROCESSOR_DEFINITIONS = (
					"DEBUG=1",
					"$(inherited)",
				);
				GCC_WARN_64_TO_32_BIT_CONVERSION = YES;
				GCC_WARN_ABOUT_RETURN_TYPE = YES_ERROR;
				GCC_WARN_UNDECLARED_SELECTOR = YES;
				GCC_WARN_UNINITIALIZED_AUTOS = YES_AGGRESSIVE;
				GCC_WARN_UNUSED_FUNCTION = YES;
				GCC_WARN_UNUSED_VARIABLE = YES;
				IPHONEOS_DEPLOYMENT_TARGET = 15.5;
				MTL_ENABLE_DEBUG_INFO = INCLUDE_SOURCE;
				MTL_FAST_MATH = YES;
				ONLY_ACTIVE_ARCH = YES;
				SDKROOT = iphoneos;
				SWIFT_ACTIVE_COMPILATION_CONDITIONS = DEBUG;
				SWIFT_OPTIMIZATION_LEVEL = "-Onone";
			};
			name = Debug;
		};
		E11604B62854701500977EF5 /* Release */ = {
			isa = XCBuildConfiguration;
			buildSettings = {
				ALWAYS_SEARCH_USER_PATHS = NO;
				CLANG_ANALYZER_NONNULL = YES;
				CLANG_ANALYZER_NUMBER_OBJECT_CONVERSION = YES_AGGRESSIVE;
				CLANG_CXX_LANGUAGE_STANDARD = "gnu++17";
				CLANG_ENABLE_MODULES = YES;
				CLANG_ENABLE_OBJC_ARC = YES;
				CLANG_ENABLE_OBJC_WEAK = YES;
				CLANG_WARN_BLOCK_CAPTURE_AUTORELEASING = YES;
				CLANG_WARN_BOOL_CONVERSION = YES;
				CLANG_WARN_COMMA = YES;
				CLANG_WARN_CONSTANT_CONVERSION = YES;
				CLANG_WARN_DEPRECATED_OBJC_IMPLEMENTATIONS = YES;
				CLANG_WARN_DIRECT_OBJC_ISA_USAGE = YES_ERROR;
				CLANG_WARN_DOCUMENTATION_COMMENTS = YES;
				CLANG_WARN_EMPTY_BODY = YES;
				CLANG_WARN_ENUM_CONVERSION = YES;
				CLANG_WARN_INFINITE_RECURSION = YES;
				CLANG_WARN_INT_CONVERSION = YES;
				CLANG_WARN_NON_LITERAL_NULL_CONVERSION = YES;
				CLANG_WARN_OBJC_IMPLICIT_RETAIN_SELF = YES;
				CLANG_WARN_OBJC_LITERAL_CONVERSION = YES;
				CLANG_WARN_OBJC_ROOT_CLASS = YES_ERROR;
				CLANG_WARN_QUOTED_INCLUDE_IN_FRAMEWORK_HEADER = YES;
				CLANG_WARN_RANGE_LOOP_ANALYSIS = YES;
				CLANG_WARN_STRICT_PROTOTYPES = YES;
				CLANG_WARN_SUSPICIOUS_MOVE = YES;
				CLANG_WARN_UNGUARDED_AVAILABILITY = YES_AGGRESSIVE;
				CLANG_WARN_UNREACHABLE_CODE = YES;
				CLANG_WARN__DUPLICATE_METHOD_MATCH = YES;
				COPY_PHASE_STRIP = NO;
				DEBUG_INFORMATION_FORMAT = "dwarf-with-dsym";
				ENABLE_NS_ASSERTIONS = NO;
				ENABLE_STRICT_OBJC_MSGSEND = YES;
				GCC_C_LANGUAGE_STANDARD = gnu11;
				GCC_NO_COMMON_BLOCKS = YES;
				GCC_WARN_64_TO_32_BIT_CONVERSION = YES;
				GCC_WARN_ABOUT_RETURN_TYPE = YES_ERROR;
				GCC_WARN_UNDECLARED_SELECTOR = YES;
				GCC_WARN_UNINITIALIZED_AUTOS = YES_AGGRESSIVE;
				GCC_WARN_UNUSED_FUNCTION = YES;
				GCC_WARN_UNUSED_VARIABLE = YES;
				IPHONEOS_DEPLOYMENT_TARGET = 15.5;
				MTL_ENABLE_DEBUG_INFO = NO;
				MTL_FAST_MATH = YES;
				SDKROOT = iphoneos;
				SWIFT_COMPILATION_MODE = wholemodule;
				SWIFT_OPTIMIZATION_LEVEL = "-O";
				VALIDATE_PRODUCT = YES;
			};
			name = Release;
		};
		E11604B82854701500977EF5 /* Debug */ = {
			isa = XCBuildConfiguration;
			baseConfigurationReference = 5332470FDBDF5994F8A1E361 /* Pods-wanted_pre_onboarding.debug.xcconfig */;
			buildSettings = {
				ASSETCATALOG_COMPILER_APPICON_NAME = AppIcon;
				ASSETCATALOG_COMPILER_GLOBAL_ACCENT_COLOR_NAME = AccentColor;
				CODE_SIGN_STYLE = Automatic;
				CURRENT_PROJECT_VERSION = 1;
				DEVELOPMENT_TEAM = H84YUCF7F5;
				GENERATE_INFOPLIST_FILE = YES;
				INFOPLIST_FILE = wanted_pre_onboarding/Info.plist;
				INFOPLIST_KEY_UIApplicationSupportsIndirectInputEvents = YES;
				INFOPLIST_KEY_UILaunchStoryboardName = LaunchScreen;
				INFOPLIST_KEY_UISupportedInterfaceOrientations = UIInterfaceOrientationPortrait;
				INFOPLIST_KEY_UISupportedInterfaceOrientations_iPad = "UIInterfaceOrientationPortrait UIInterfaceOrientationPortraitUpsideDown UIInterfaceOrientationLandscapeLeft UIInterfaceOrientationLandscapeRight";
				INFOPLIST_KEY_UISupportedInterfaceOrientations_iPhone = "UIInterfaceOrientationPortrait UIInterfaceOrientationLandscapeLeft UIInterfaceOrientationLandscapeRight";
				IPHONEOS_DEPLOYMENT_TARGET = 13.0;
				LD_RUNPATH_SEARCH_PATHS = (
					"$(inherited)",
					"@executable_path/Frameworks",
				);
				MARKETING_VERSION = 1.0;
				PRODUCT_BUNDLE_IDENTIFIER = "com.bhooncoding.wanted-pre-onboarding";
				PRODUCT_NAME = "$(TARGET_NAME)";
				SERVER_HOST = "https://api.openweathermap.org";
				SWIFT_EMIT_LOC_STRINGS = YES;
				SWIFT_VERSION = 5.0;
				TARGETED_DEVICE_FAMILY = 1;
			};
			name = Debug;
		};
		E11604B92854701500977EF5 /* Release */ = {
			isa = XCBuildConfiguration;
			baseConfigurationReference = 7C51E13F234E3816F5B1866B /* Pods-wanted_pre_onboarding.release.xcconfig */;
			buildSettings = {
				ASSETCATALOG_COMPILER_APPICON_NAME = AppIcon;
				ASSETCATALOG_COMPILER_GLOBAL_ACCENT_COLOR_NAME = AccentColor;
				CODE_SIGN_STYLE = Automatic;
				CURRENT_PROJECT_VERSION = 1;
				DEVELOPMENT_TEAM = H84YUCF7F5;
				GENERATE_INFOPLIST_FILE = YES;
				INFOPLIST_FILE = wanted_pre_onboarding/Info.plist;
				INFOPLIST_KEY_UIApplicationSupportsIndirectInputEvents = YES;
				INFOPLIST_KEY_UILaunchStoryboardName = LaunchScreen;
				INFOPLIST_KEY_UISupportedInterfaceOrientations = UIInterfaceOrientationPortrait;
				INFOPLIST_KEY_UISupportedInterfaceOrientations_iPad = "UIInterfaceOrientationPortrait UIInterfaceOrientationPortraitUpsideDown UIInterfaceOrientationLandscapeLeft UIInterfaceOrientationLandscapeRight";
				INFOPLIST_KEY_UISupportedInterfaceOrientations_iPhone = "UIInterfaceOrientationPortrait UIInterfaceOrientationLandscapeLeft UIInterfaceOrientationLandscapeRight";
				IPHONEOS_DEPLOYMENT_TARGET = 13.0;
				LD_RUNPATH_SEARCH_PATHS = (
					"$(inherited)",
					"@executable_path/Frameworks",
				);
				MARKETING_VERSION = 1.0;
				PRODUCT_BUNDLE_IDENTIFIER = "com.bhooncoding.wanted-pre-onboarding";
				PRODUCT_NAME = "$(TARGET_NAME)";
				SERVER_HOST = "https://api.openweathermap.org";
				SWIFT_EMIT_LOC_STRINGS = YES;
				SWIFT_VERSION = 5.0;
				TARGETED_DEVICE_FAMILY = 1;
			};
			name = Release;
		};
		E11604BB2854701500977EF5 /* Debug */ = {
			isa = XCBuildConfiguration;
			baseConfigurationReference = DFBC0DC8AAD3099A16C5D6FA /* Pods-wanted_pre_onboardingTests.debug.xcconfig */;
			buildSettings = {
				ALWAYS_EMBED_SWIFT_STANDARD_LIBRARIES = YES;
				BUNDLE_LOADER = "$(TEST_HOST)";
				CODE_SIGN_STYLE = Automatic;
				CURRENT_PROJECT_VERSION = 1;
				DEVELOPMENT_TEAM = R4G74AF442;
				GENERATE_INFOPLIST_FILE = YES;
				IPHONEOS_DEPLOYMENT_TARGET = 15.5;
				MARKETING_VERSION = 1.0;
				PRODUCT_BUNDLE_IDENTIFIER = "com.bhooncoding.wanted-pre-onboardingTests";
				PRODUCT_NAME = "$(TARGET_NAME)";
				SWIFT_EMIT_LOC_STRINGS = NO;
				SWIFT_VERSION = 5.0;
				TARGETED_DEVICE_FAMILY = "1,2";
				TEST_HOST = "$(BUILT_PRODUCTS_DIR)/wanted_pre_onboarding.app/wanted_pre_onboarding";
			};
			name = Debug;
		};
		E11604BC2854701500977EF5 /* Release */ = {
			isa = XCBuildConfiguration;
			baseConfigurationReference = 3E5C1AABB5518BE0A75CCF79 /* Pods-wanted_pre_onboardingTests.release.xcconfig */;
			buildSettings = {
				ALWAYS_EMBED_SWIFT_STANDARD_LIBRARIES = YES;
				BUNDLE_LOADER = "$(TEST_HOST)";
				CODE_SIGN_STYLE = Automatic;
				CURRENT_PROJECT_VERSION = 1;
				DEVELOPMENT_TEAM = R4G74AF442;
				GENERATE_INFOPLIST_FILE = YES;
				IPHONEOS_DEPLOYMENT_TARGET = 15.5;
				MARKETING_VERSION = 1.0;
				PRODUCT_BUNDLE_IDENTIFIER = "com.bhooncoding.wanted-pre-onboardingTests";
				PRODUCT_NAME = "$(TARGET_NAME)";
				SWIFT_EMIT_LOC_STRINGS = NO;
				SWIFT_VERSION = 5.0;
				TARGETED_DEVICE_FAMILY = "1,2";
				TEST_HOST = "$(BUILT_PRODUCTS_DIR)/wanted_pre_onboarding.app/wanted_pre_onboarding";
			};
			name = Release;
		};
		E11604BE2854701500977EF5 /* Debug */ = {
			isa = XCBuildConfiguration;
			baseConfigurationReference = 6F3601B09D0321F74CBBADD3 /* Pods-wanted_pre_onboarding-wanted_pre_onboardingUITests.debug.xcconfig */;
			buildSettings = {
				ALWAYS_EMBED_SWIFT_STANDARD_LIBRARIES = YES;
				CODE_SIGN_STYLE = Automatic;
				CURRENT_PROJECT_VERSION = 1;
				DEVELOPMENT_TEAM = R4G74AF442;
				GENERATE_INFOPLIST_FILE = YES;
				MARKETING_VERSION = 1.0;
				PRODUCT_BUNDLE_IDENTIFIER = "com.bhooncoding.wanted-pre-onboardingUITests";
				PRODUCT_NAME = "$(TARGET_NAME)";
				SWIFT_EMIT_LOC_STRINGS = NO;
				SWIFT_VERSION = 5.0;
				TARGETED_DEVICE_FAMILY = "1,2";
				TEST_TARGET_NAME = wanted_pre_onboarding;
			};
			name = Debug;
		};
		E11604BF2854701500977EF5 /* Release */ = {
			isa = XCBuildConfiguration;
			baseConfigurationReference = 6909EA43DC687A9BEC9B0FFF /* Pods-wanted_pre_onboarding-wanted_pre_onboardingUITests.release.xcconfig */;
			buildSettings = {
				ALWAYS_EMBED_SWIFT_STANDARD_LIBRARIES = YES;
				CODE_SIGN_STYLE = Automatic;
				CURRENT_PROJECT_VERSION = 1;
				DEVELOPMENT_TEAM = R4G74AF442;
				GENERATE_INFOPLIST_FILE = YES;
				MARKETING_VERSION = 1.0;
				PRODUCT_BUNDLE_IDENTIFIER = "com.bhooncoding.wanted-pre-onboardingUITests";
				PRODUCT_NAME = "$(TARGET_NAME)";
				SWIFT_EMIT_LOC_STRINGS = NO;
				SWIFT_VERSION = 5.0;
				TARGETED_DEVICE_FAMILY = "1,2";
				TEST_TARGET_NAME = wanted_pre_onboarding;
			};
			name = Release;
		};
/* End XCBuildConfiguration section */

/* Begin XCConfigurationList section */
		E11604882854701100977EF5 /* Build configuration list for PBXProject "wanted_pre_onboarding" */ = {
			isa = XCConfigurationList;
			buildConfigurations = (
				E11604B52854701500977EF5 /* Debug */,
				E11604B62854701500977EF5 /* Release */,
			);
			defaultConfigurationIsVisible = 0;
			defaultConfigurationName = Release;
		};
		E11604B72854701500977EF5 /* Build configuration list for PBXNativeTarget "wanted_pre_onboarding" */ = {
			isa = XCConfigurationList;
			buildConfigurations = (
				E11604B82854701500977EF5 /* Debug */,
				E11604B92854701500977EF5 /* Release */,
			);
			defaultConfigurationIsVisible = 0;
			defaultConfigurationName = Release;
		};
		E11604BA2854701500977EF5 /* Build configuration list for PBXNativeTarget "wanted_pre_onboardingTests" */ = {
			isa = XCConfigurationList;
			buildConfigurations = (
				E11604BB2854701500977EF5 /* Debug */,
				E11604BC2854701500977EF5 /* Release */,
			);
			defaultConfigurationIsVisible = 0;
			defaultConfigurationName = Release;
		};
		E11604BD2854701500977EF5 /* Build configuration list for PBXNativeTarget "wanted_pre_onboardingUITests" */ = {
			isa = XCConfigurationList;
			buildConfigurations = (
				E11604BE2854701500977EF5 /* Debug */,
				E11604BF2854701500977EF5 /* Release */,
			);
			defaultConfigurationIsVisible = 0;
			defaultConfigurationName = Release;
		};
/* End XCConfigurationList section */
	};
	rootObject = E11604852854701100977EF5 /* Project object */;
}
